
Microsoft Visual Studio Solution File, Format Version 12.00
Project("{FAE04EC0-301F-11D3-BF4B-00C04F79EFBC}") = "Mission6_Goates", "Mission6_Goates\Mission6_Goates.csproj", "{434B2D87-20A6-4035-8875-232A2ECABF19}"
EndProject
Global
	GlobalSection(SolutionConfigurationPlatforms) = preSolution
		Debug|Any CPU = Debug|Any CPU
		Release|Any CPU = Release|Any CPU
	EndGlobalSection
	GlobalSection(ProjectConfigurationPlatforms) = postSolution
		{434B2D87-20A6-4035-8875-232A2ECABF19}.Debug|Any CPU.ActiveCfg = Debug|Any CPU
		{434B2D87-20A6-4035-8875-232A2ECABF19}.Debug|Any CPU.Build.0 = Debug|Any CPU
		{434B2D87-20A6-4035-8875-232A2ECABF19}.Release|Any CPU.ActiveCfg = Release|Any CPU
		{434B2D87-20A6-4035-8875-232A2ECABF19}.Release|Any CPU.Build.0 = Release|Any CPU
	EndGlobalSection
EndGlobal
